// !$*UTF8*$!
{
	archiveVersion = 1;
	classes = {
	};
	objectVersion = 77;
	objects = {

/* Begin PBXBuildFile section */
		8D64DA5D2CA9B604005760D7 /* IQKeyboardManagerSwift in Frameworks */ = {isa = PBXBuildFile; productRef = 8D64DA5C2CA9B604005760D7 /* IQKeyboardManagerSwift */; };
		8D64DA602CA9C2D8005760D7 /* ProgressHUD in Frameworks */ = {isa = PBXBuildFile; productRef = 8D64DA5F2CA9C2D8005760D7 /* ProgressHUD */; };
		8DAF732F2CA87BEA00D4399E /* Moya in Frameworks */ = {isa = PBXBuildFile; productRef = 8DAF732E2CA87BEA00D4399E /* Moya */; };
		8DAF73392CA87F4400D4399E /* CombineMoya in Frameworks */ = {isa = PBXBuildFile; productRef = 8DAF73382CA87F4400D4399E /* CombineMoya */; };
		8DAF733B2CA87F4400D4399E /* ReactiveMoya in Frameworks */ = {isa = PBXBuildFile; productRef = 8DAF733A2CA87F4400D4399E /* ReactiveMoya */; };
		8DAF733D2CA87F4400D4399E /* RxMoya in Frameworks */ = {isa = PBXBuildFile; productRef = 8DAF733C2CA87F4400D4399E /* RxMoya */; };
/* End PBXBuildFile section */

/* Begin PBXContainerItemProxy section */
		8DAF724D2CA83E3E00D4399E /* PBXContainerItemProxy */ = {
			isa = PBXContainerItemProxy;
			containerPortal = 8DAF722E2CA83E3900D4399E /* Project object */;
			proxyType = 1;
			remoteGlobalIDString = 8DAF72352CA83E3900D4399E;
			remoteInfo = SeekIt;
		};
		8DAF72572CA83E3E00D4399E /* PBXContainerItemProxy */ = {
			isa = PBXContainerItemProxy;
			containerPortal = 8DAF722E2CA83E3900D4399E /* Project object */;
			proxyType = 1;
			remoteGlobalIDString = 8DAF72352CA83E3900D4399E;
			remoteInfo = SeekIt;
		};
/* End PBXContainerItemProxy section */

/* Begin PBXFileReference section */
		8DAF72362CA83E3900D4399E /* SeekIt.app */ = {isa = PBXFileReference; explicitFileType = wrapper.application; includeInIndex = 0; path = SeekIt.app; sourceTree = BUILT_PRODUCTS_DIR; };
		8DAF724C2CA83E3E00D4399E /* SeekItTests.xctest */ = {isa = PBXFileReference; explicitFileType = wrapper.cfbundle; includeInIndex = 0; path = SeekItTests.xctest; sourceTree = BUILT_PRODUCTS_DIR; };
		8DAF72562CA83E3E00D4399E /* SeekItUITests.xctest */ = {isa = PBXFileReference; explicitFileType = wrapper.cfbundle; includeInIndex = 0; path = SeekItUITests.xctest; sourceTree = BUILT_PRODUCTS_DIR; };
/* End PBXFileReference section */

/* Begin PBXFileSystemSynchronizedBuildFileExceptionSet section */
		8DAF725E2CA83E3E00D4399E /* Exceptions for "SeekIt" folder in "SeekIt" target */ = {
			isa = PBXFileSystemSynchronizedBuildFileExceptionSet;
			membershipExceptions = (
				Info.plist,
			);
			target = 8DAF72352CA83E3900D4399E /* SeekIt */;
		};
/* End PBXFileSystemSynchronizedBuildFileExceptionSet section */

/* Begin PBXFileSystemSynchronizedRootGroup section */
		8DAF72382CA83E3900D4399E /* SeekIt */ = {
			isa = PBXFileSystemSynchronizedRootGroup;
			exceptions = (
				8DAF725E2CA83E3E00D4399E /* Exceptions for "SeekIt" folder in "SeekIt" target */,
			);
			path = SeekIt;
			sourceTree = "<group>";
		};
		8DAF724F2CA83E3E00D4399E /* SeekItTests */ = {
			isa = PBXFileSystemSynchronizedRootGroup;
			path = SeekItTests;
			sourceTree = "<group>";
		};
		8DAF72592CA83E3E00D4399E /* SeekItUITests */ = {
			isa = PBXFileSystemSynchronizedRootGroup;
			path = SeekItUITests;
			sourceTree = "<group>";
		};
/* End PBXFileSystemSynchronizedRootGroup section */

/* Begin PBXFrameworksBuildPhase section */
		8DAF72332CA83E3900D4399E /* Frameworks */ = {
			isa = PBXFrameworksBuildPhase;
			buildActionMask = 2147483647;
			files = (
				8D64DA5D2CA9B604005760D7 /* IQKeyboardManagerSwift in Frameworks */,
				8DAF73392CA87F4400D4399E /* CombineMoya in Frameworks */,
				8DAF732F2CA87BEA00D4399E /* Moya in Frameworks */,
				8D64DA602CA9C2D8005760D7 /* ProgressHUD in Frameworks */,
				8DAF733D2CA87F4400D4399E /* RxMoya in Frameworks */,
				8DAF733B2CA87F4400D4399E /* ReactiveMoya in Frameworks */,
			);
			runOnlyForDeploymentPostprocessing = 0;
		};
		8DAF72492CA83E3E00D4399E /* Frameworks */ = {
			isa = PBXFrameworksBuildPhase;
			buildActionMask = 2147483647;
			files = (
			);
			runOnlyForDeploymentPostprocessing = 0;
		};
		8DAF72532CA83E3E00D4399E /* Frameworks */ = {
			isa = PBXFrameworksBuildPhase;
			buildActionMask = 2147483647;
			files = (
			);
			runOnlyForDeploymentPostprocessing = 0;
		};
/* End PBXFrameworksBuildPhase section */

/* Begin PBXGroup section */
		8DAF722D2CA83E3900D4399E = {
			isa = PBXGroup;
			children = (
				8DAF72382CA83E3900D4399E /* SeekIt */,
				8DAF724F2CA83E3E00D4399E /* SeekItTests */,
				8DAF72592CA83E3E00D4399E /* SeekItUITests */,
				8DAF72372CA83E3900D4399E /* Products */,
			);
			sourceTree = "<group>";
		};
		8DAF72372CA83E3900D4399E /* Products */ = {
			isa = PBXGroup;
			children = (
				8DAF72362CA83E3900D4399E /* SeekIt.app */,
				8DAF724C2CA83E3E00D4399E /* SeekItTests.xctest */,
				8DAF72562CA83E3E00D4399E /* SeekItUITests.xctest */,
			);
			name = Products;
			sourceTree = "<group>";
		};
/* End PBXGroup section */

/* Begin PBXNativeTarget section */
		8DAF72352CA83E3900D4399E /* SeekIt */ = {
			isa = PBXNativeTarget;
			buildConfigurationList = 8DAF725F2CA83E3E00D4399E /* Build configuration list for PBXNativeTarget "SeekIt" */;
			buildPhases = (
				8DAF72322CA83E3900D4399E /* Sources */,
				8DAF72332CA83E3900D4399E /* Frameworks */,
				8DAF72342CA83E3900D4399E /* Resources */,
				8DAF72792CA84FE900D4399E /* Update Resources */,
			);
			buildRules = (
			);
			dependencies = (
			);
			fileSystemSynchronizedGroups = (
				8DAF72382CA83E3900D4399E /* SeekIt */,
			);
			name = SeekIt;
			packageProductDependencies = (
				8DAF732E2CA87BEA00D4399E /* Moya */,
				8DAF73382CA87F4400D4399E /* CombineMoya */,
				8DAF733A2CA87F4400D4399E /* ReactiveMoya */,
				8DAF733C2CA87F4400D4399E /* RxMoya */,
				8D64DA5C2CA9B604005760D7 /* IQKeyboardManagerSwift */,
				8D64DA5F2CA9C2D8005760D7 /* ProgressHUD */,
			);
			productName = SeekIt;
			productReference = 8DAF72362CA83E3900D4399E /* SeekIt.app */;
			productType = "com.apple.product-type.application";
		};
		8DAF724B2CA83E3E00D4399E /* SeekItTests */ = {
			isa = PBXNativeTarget;
			buildConfigurationList = 8DAF72642CA83E3E00D4399E /* Build configuration list for PBXNativeTarget "SeekItTests" */;
			buildPhases = (
				8DAF72482CA83E3E00D4399E /* Sources */,
				8DAF72492CA83E3E00D4399E /* Frameworks */,
				8DAF724A2CA83E3E00D4399E /* Resources */,
			);
			buildRules = (
			);
			dependencies = (
				8DAF724E2CA83E3E00D4399E /* PBXTargetDependency */,
			);
			fileSystemSynchronizedGroups = (
				8DAF724F2CA83E3E00D4399E /* SeekItTests */,
			);
			name = SeekItTests;
			packageProductDependencies = (
			);
			productName = SeekItTests;
			productReference = 8DAF724C2CA83E3E00D4399E /* SeekItTests.xctest */;
			productType = "com.apple.product-type.bundle.unit-test";
		};
		8DAF72552CA83E3E00D4399E /* SeekItUITests */ = {
			isa = PBXNativeTarget;
			buildConfigurationList = 8DAF72672CA83E3E00D4399E /* Build configuration list for PBXNativeTarget "SeekItUITests" */;
			buildPhases = (
				8DAF72522CA83E3E00D4399E /* Sources */,
				8DAF72532CA83E3E00D4399E /* Frameworks */,
				8DAF72542CA83E3E00D4399E /* Resources */,
			);
			buildRules = (
			);
			dependencies = (
				8DAF72582CA83E3E00D4399E /* PBXTargetDependency */,
			);
			fileSystemSynchronizedGroups = (
				8DAF72592CA83E3E00D4399E /* SeekItUITests */,
			);
			name = SeekItUITests;
			packageProductDependencies = (
			);
			productName = SeekItUITests;
			productReference = 8DAF72562CA83E3E00D4399E /* SeekItUITests.xctest */;
			productType = "com.apple.product-type.bundle.ui-testing";
		};
/* End PBXNativeTarget section */

/* Begin PBXProject section */
		8DAF722E2CA83E3900D4399E /* Project object */ = {
			isa = PBXProject;
			attributes = {
				BuildIndependentTargetsInParallel = 1;
				LastSwiftUpdateCheck = 1600;
				LastUpgradeCheck = 1600;
				TargetAttributes = {
					8DAF72352CA83E3900D4399E = {
						CreatedOnToolsVersion = 16.0;
					};
					8DAF724B2CA83E3E00D4399E = {
						CreatedOnToolsVersion = 16.0;
						TestTargetID = 8DAF72352CA83E3900D4399E;
					};
					8DAF72552CA83E3E00D4399E = {
						CreatedOnToolsVersion = 16.0;
						TestTargetID = 8DAF72352CA83E3900D4399E;
					};
				};
			};
			buildConfigurationList = 8DAF72312CA83E3900D4399E /* Build configuration list for PBXProject "SeekIt" */;
			developmentRegion = en;
			hasScannedForEncodings = 0;
			knownRegions = (
				en,
				Base,
				ms,
			);
			mainGroup = 8DAF722D2CA83E3900D4399E;
			minimizedProjectReferenceProxies = 1;
			packageReferences = (
				8DAF732D2CA87BEA00D4399E /* XCRemoteSwiftPackageReference "Moya" */,
				8D64DA5B2CA9B604005760D7 /* XCRemoteSwiftPackageReference "IQKeyboardManager" */,
				8D64DA5E2CA9C2D8005760D7 /* XCRemoteSwiftPackageReference "ProgressHUD" */,
			);
			preferredProjectObjectVersion = 77;
			productRefGroup = 8DAF72372CA83E3900D4399E /* Products */;
			projectDirPath = "";
			projectRoot = "";
			targets = (
				8DAF72352CA83E3900D4399E /* SeekIt */,
				8DAF724B2CA83E3E00D4399E /* SeekItTests */,
				8DAF72552CA83E3E00D4399E /* SeekItUITests */,
			);
		};
/* End PBXProject section */

/* Begin PBXResourcesBuildPhase section */
		8DAF72342CA83E3900D4399E /* Resources */ = {
			isa = PBXResourcesBuildPhase;
			buildActionMask = 2147483647;
			files = (
			);
			runOnlyForDeploymentPostprocessing = 0;
		};
		8DAF724A2CA83E3E00D4399E /* Resources */ = {
			isa = PBXResourcesBuildPhase;
			buildActionMask = 2147483647;
			files = (
			);
			runOnlyForDeploymentPostprocessing = 0;
		};
		8DAF72542CA83E3E00D4399E /* Resources */ = {
			isa = PBXResourcesBuildPhase;
			buildActionMask = 2147483647;
			files = (
			);
			runOnlyForDeploymentPostprocessing = 0;
		};
/* End PBXResourcesBuildPhase section */

/* Begin PBXShellScriptBuildPhase section */
		8DAF72792CA84FE900D4399E /* Update Resources */ = {
			isa = PBXShellScriptBuildPhase;
			buildActionMask = 8;
			files = (
			);
			inputFileListPaths = (
			);
			inputPaths = (
			);
			name = "Update Resources";
			outputFileListPaths = (
			);
			outputPaths = (
			);
			runOnlyForDeploymentPostprocessing = 1;
			shellPath = /bin/sh;
			shellScript = "if which swiftgen >/dev/null; then\n    swiftgen config run\nelse\n    echo \"warning: SwiftGen not installed, download from https://github.com/SwiftGen/SwiftGen\"\nfi\n";
		};
/* End PBXShellScriptBuildPhase section */

/* Begin PBXSourcesBuildPhase section */
		8DAF72322CA83E3900D4399E /* Sources */ = {
			isa = PBXSourcesBuildPhase;
			buildActionMask = 2147483647;
			files = (
			);
			runOnlyForDeploymentPostprocessing = 0;
		};
		8DAF72482CA83E3E00D4399E /* Sources */ = {
			isa = PBXSourcesBuildPhase;
			buildActionMask = 2147483647;
			files = (
			);
			runOnlyForDeploymentPostprocessing = 0;
		};
		8DAF72522CA83E3E00D4399E /* Sources */ = {
			isa = PBXSourcesBuildPhase;
			buildActionMask = 2147483647;
			files = (
			);
			runOnlyForDeploymentPostprocessing = 0;
		};
/* End PBXSourcesBuildPhase section */

/* Begin PBXTargetDependency section */
		8DAF724E2CA83E3E00D4399E /* PBXTargetDependency */ = {
			isa = PBXTargetDependency;
			target = 8DAF72352CA83E3900D4399E /* SeekIt */;
			targetProxy = 8DAF724D2CA83E3E00D4399E /* PBXContainerItemProxy */;
		};
		8DAF72582CA83E3E00D4399E /* PBXTargetDependency */ = {
			isa = PBXTargetDependency;
			target = 8DAF72352CA83E3900D4399E /* SeekIt */;
			targetProxy = 8DAF72572CA83E3E00D4399E /* PBXContainerItemProxy */;
		};
/* End PBXTargetDependency section */

/* Begin XCBuildConfiguration section */
		8DAF73472CA884C200D4399E /* Debug-Local */ = {
			isa = XCBuildConfiguration;
			baseConfigurationReferenceAnchor = 8DAF72382CA83E3900D4399E /* SeekIt */;
			baseConfigurationReferenceRelativePath = "Configurations/Debug-Local.xcconfig";
			buildSettings = {
				ALWAYS_SEARCH_USER_PATHS = NO;
				ASSETCATALOG_COMPILER_GENERATE_SWIFT_ASSET_SYMBOL_EXTENSIONS = YES;
				CLANG_ANALYZER_NONNULL = YES;
				CLANG_ANALYZER_NUMBER_OBJECT_CONVERSION = YES_AGGRESSIVE;
				CLANG_CXX_LANGUAGE_STANDARD = "gnu++20";
				CLANG_ENABLE_MODULES = YES;
				CLANG_ENABLE_OBJC_ARC = YES;
				CLANG_ENABLE_OBJC_WEAK = YES;
				CLANG_WARN_BLOCK_CAPTURE_AUTORELEASING = YES;
				CLANG_WARN_BOOL_CONVERSION = YES;
				CLANG_WARN_COMMA = YES;
				CLANG_WARN_CONSTANT_CONVERSION = YES;
				CLANG_WARN_DEPRECATED_OBJC_IMPLEMENTATIONS = YES;
				CLANG_WARN_DIRECT_OBJC_ISA_USAGE = YES_ERROR;
				CLANG_WARN_DOCUMENTATION_COMMENTS = YES;
				CLANG_WARN_EMPTY_BODY = YES;
				CLANG_WARN_ENUM_CONVERSION = YES;
				CLANG_WARN_INFINITE_RECURSION = YES;
				CLANG_WARN_INT_CONVERSION = YES;
				CLANG_WARN_NON_LITERAL_NULL_CONVERSION = YES;
				CLANG_WARN_OBJC_IMPLICIT_RETAIN_SELF = YES;
				CLANG_WARN_OBJC_LITERAL_CONVERSION = YES;
				CLANG_WARN_OBJC_ROOT_CLASS = YES_ERROR;
				CLANG_WARN_QUOTED_INCLUDE_IN_FRAMEWORK_HEADER = YES;
				CLANG_WARN_RANGE_LOOP_ANALYSIS = YES;
				CLANG_WARN_STRICT_PROTOTYPES = YES;
				CLANG_WARN_SUSPICIOUS_MOVE = YES;
				CLANG_WARN_UNGUARDED_AVAILABILITY = YES_AGGRESSIVE;
				CLANG_WARN_UNREACHABLE_CODE = YES;
				CLANG_WARN__DUPLICATE_METHOD_MATCH = YES;
				COPY_PHASE_STRIP = NO;
				DEBUG_INFORMATION_FORMAT = dwarf;
				ENABLE_STRICT_OBJC_MSGSEND = YES;
				ENABLE_TESTABILITY = YES;
				ENABLE_USER_SCRIPT_SANDBOXING = YES;
				GCC_C_LANGUAGE_STANDARD = gnu17;
				GCC_DYNAMIC_NO_PIC = NO;
				GCC_NO_COMMON_BLOCKS = YES;
				GCC_OPTIMIZATION_LEVEL = 0;
				GCC_PREPROCESSOR_DEFINITIONS = (
					"DEBUG=1",
					"$(inherited)",
				);
				GCC_WARN_64_TO_32_BIT_CONVERSION = YES;
				GCC_WARN_ABOUT_RETURN_TYPE = YES_ERROR;
				GCC_WARN_UNDECLARED_SELECTOR = YES;
				GCC_WARN_UNINITIALIZED_AUTOS = YES_AGGRESSIVE;
				GCC_WARN_UNUSED_FUNCTION = YES;
				GCC_WARN_UNUSED_VARIABLE = YES;
				IPHONEOS_DEPLOYMENT_TARGET = 18.0;
				LOCALIZATION_PREFERS_STRING_CATALOGS = YES;
				MTL_ENABLE_DEBUG_INFO = INCLUDE_SOURCE;
				MTL_FAST_MATH = YES;
				ONLY_ACTIVE_ARCH = YES;
				SDKROOT = iphoneos;
				SWIFT_ACTIVE_COMPILATION_CONDITIONS = "DEBUG $(inherited)";
				SWIFT_EMIT_LOC_STRINGS = YES;
				SWIFT_OPTIMIZATION_LEVEL = "-Onone";
			};
			name = "Debug-Local";
		};
		8DAF73482CA884C200D4399E /* Debug-Local */ = {
			isa = XCBuildConfiguration;
			baseConfigurationReferenceAnchor = 8DAF72382CA83E3900D4399E /* SeekIt */;
			baseConfigurationReferenceRelativePath = "Configurations/Debug-Local.xcconfig";
			buildSettings = {
				ASSETCATALOG_COMPILER_APPICON_NAME = AppIcon;
				ASSETCATALOG_COMPILER_GLOBAL_ACCENT_COLOR_NAME = AccentColor;
				CODE_SIGN_STYLE = Automatic;
				CURRENT_PROJECT_VERSION = 1;
				DEVELOPMENT_TEAM = 3KGS48RFQ6;
				GENERATE_INFOPLIST_FILE = YES;
				INFOPLIST_FILE = SeekIt/Info.plist;
				INFOPLIST_KEY_UIApplicationSupportsIndirectInputEvents = YES;
				INFOPLIST_KEY_UILaunchStoryboardName = LaunchScreen;
				INFOPLIST_KEY_UIMainStoryboardFile = Main;
				INFOPLIST_KEY_UISupportedInterfaceOrientations_iPad = "UIInterfaceOrientationPortrait UIInterfaceOrientationPortraitUpsideDown UIInterfaceOrientationLandscapeLeft UIInterfaceOrientationLandscapeRight";
				INFOPLIST_KEY_UISupportedInterfaceOrientations_iPhone = "UIInterfaceOrientationPortrait UIInterfaceOrientationLandscapeLeft UIInterfaceOrientationLandscapeRight";
				LD_RUNPATH_SEARCH_PATHS = (
					"$(inherited)",
					"@executable_path/Frameworks",
				);
				MARKETING_VERSION = 1.0;
				PRODUCT_BUNDLE_IDENTIFIER = "com.rastogigaurav.seekit.debug-local";
				PRODUCT_NAME = "$(TARGET_NAME)";
				SWIFT_EMIT_LOC_STRINGS = YES;
				SWIFT_VERSION = 5.0;
				TARGETED_DEVICE_FAMILY = "1,2";
			};
			name = "Debug-Local";
		};
		8DAF73492CA884C200D4399E /* Debug-Local */ = {
			isa = XCBuildConfiguration;
			buildSettings = {
				BUNDLE_LOADER = "$(TEST_HOST)";
				CODE_SIGN_STYLE = Automatic;
				CURRENT_PROJECT_VERSION = 1;
				GENERATE_INFOPLIST_FILE = YES;
				IPHONEOS_DEPLOYMENT_TARGET = 18.0;
				MARKETING_VERSION = 1.0;
				PRODUCT_BUNDLE_IDENTIFIER = com.rastogigaurav.SeekItTests;
				PRODUCT_NAME = "$(TARGET_NAME)";
				SWIFT_EMIT_LOC_STRINGS = NO;
				SWIFT_VERSION = 5.0;
				TARGETED_DEVICE_FAMILY = "1,2";
				TEST_HOST = "$(BUILT_PRODUCTS_DIR)/SeekIt.app/$(BUNDLE_EXECUTABLE_FOLDER_PATH)/SeekIt";
			};
			name = "Debug-Local";
		};
		8DAF734A2CA884C200D4399E /* Debug-Local */ = {
			isa = XCBuildConfiguration;
			buildSettings = {
				CODE_SIGN_STYLE = Automatic;
				CURRENT_PROJECT_VERSION = 1;
				GENERATE_INFOPLIST_FILE = YES;
				MARKETING_VERSION = 1.0;
				PRODUCT_BUNDLE_IDENTIFIER = com.rastogigaurav.SeekItUITests;
				PRODUCT_NAME = "$(TARGET_NAME)";
				SWIFT_EMIT_LOC_STRINGS = NO;
				SWIFT_VERSION = 5.0;
				TARGETED_DEVICE_FAMILY = "1,2";
				TEST_TARGET_NAME = SeekIt;
			};
			name = "Debug-Local";
		};
		8DAF734D2CA8852A00D4399E /* Release-Local */ = {
			isa = XCBuildConfiguration;
			baseConfigurationReferenceAnchor = 8DAF72382CA83E3900D4399E /* SeekIt */;
			baseConfigurationReferenceRelativePath = "Configurations/Release-Local.xcconfig";
			buildSettings = {
				ALWAYS_SEARCH_USER_PATHS = NO;
				ASSETCATALOG_COMPILER_GENERATE_SWIFT_ASSET_SYMBOL_EXTENSIONS = YES;
				CLANG_ANALYZER_NONNULL = YES;
				CLANG_ANALYZER_NUMBER_OBJECT_CONVERSION = YES_AGGRESSIVE;
				CLANG_CXX_LANGUAGE_STANDARD = "gnu++20";
				CLANG_ENABLE_MODULES = YES;
				CLANG_ENABLE_OBJC_ARC = YES;
				CLANG_ENABLE_OBJC_WEAK = YES;
				CLANG_WARN_BLOCK_CAPTURE_AUTORELEASING = YES;
				CLANG_WARN_BOOL_CONVERSION = YES;
				CLANG_WARN_COMMA = YES;
				CLANG_WARN_CONSTANT_CONVERSION = YES;
				CLANG_WARN_DEPRECATED_OBJC_IMPLEMENTATIONS = YES;
				CLANG_WARN_DIRECT_OBJC_ISA_USAGE = YES_ERROR;
				CLANG_WARN_DOCUMENTATION_COMMENTS = YES;
				CLANG_WARN_EMPTY_BODY = YES;
				CLANG_WARN_ENUM_CONVERSION = YES;
				CLANG_WARN_INFINITE_RECURSION = YES;
				CLANG_WARN_INT_CONVERSION = YES;
				CLANG_WARN_NON_LITERAL_NULL_CONVERSION = YES;
				CLANG_WARN_OBJC_IMPLICIT_RETAIN_SELF = YES;
				CLANG_WARN_OBJC_LITERAL_CONVERSION = YES;
				CLANG_WARN_OBJC_ROOT_CLASS = YES_ERROR;
				CLANG_WARN_QUOTED_INCLUDE_IN_FRAMEWORK_HEADER = YES;
				CLANG_WARN_RANGE_LOOP_ANALYSIS = YES;
				CLANG_WARN_STRICT_PROTOTYPES = YES;
				CLANG_WARN_SUSPICIOUS_MOVE = YES;
				CLANG_WARN_UNGUARDED_AVAILABILITY = YES_AGGRESSIVE;
				CLANG_WARN_UNREACHABLE_CODE = YES;
				CLANG_WARN__DUPLICATE_METHOD_MATCH = YES;
				COPY_PHASE_STRIP = NO;
				DEBUG_INFORMATION_FORMAT = dwarf;
				ENABLE_STRICT_OBJC_MSGSEND = YES;
				ENABLE_TESTABILITY = YES;
				ENABLE_USER_SCRIPT_SANDBOXING = YES;
				GCC_C_LANGUAGE_STANDARD = gnu17;
				GCC_DYNAMIC_NO_PIC = NO;
				GCC_NO_COMMON_BLOCKS = YES;
				GCC_OPTIMIZATION_LEVEL = 0;
				GCC_PREPROCESSOR_DEFINITIONS = (
					"DEBUG=1",
					"$(inherited)",
				);
				GCC_WARN_64_TO_32_BIT_CONVERSION = YES;
				GCC_WARN_ABOUT_RETURN_TYPE = YES_ERROR;
				GCC_WARN_UNDECLARED_SELECTOR = YES;
				GCC_WARN_UNINITIALIZED_AUTOS = YES_AGGRESSIVE;
				GCC_WARN_UNUSED_FUNCTION = YES;
				GCC_WARN_UNUSED_VARIABLE = YES;
				IPHONEOS_DEPLOYMENT_TARGET = 18.0;
				LOCALIZATION_PREFERS_STRING_CATALOGS = YES;
				MTL_ENABLE_DEBUG_INFO = INCLUDE_SOURCE;
				MTL_FAST_MATH = YES;
				ONLY_ACTIVE_ARCH = YES;
				SDKROOT = iphoneos;
				SWIFT_ACTIVE_COMPILATION_CONDITIONS = "DEBUG $(inherited)";
				SWIFT_EMIT_LOC_STRINGS = YES;
				SWIFT_OPTIMIZATION_LEVEL = "-Onone";
			};
			name = "Release-Local";
		};
		8DAF734E2CA8852A00D4399E /* Release-Local */ = {
			isa = XCBuildConfiguration;
			baseConfigurationReferenceAnchor = 8DAF72382CA83E3900D4399E /* SeekIt */;
			baseConfigurationReferenceRelativePath = "Configurations/Release-Local.xcconfig";
			buildSettings = {
				ASSETCATALOG_COMPILER_APPICON_NAME = AppIcon;
				ASSETCATALOG_COMPILER_GLOBAL_ACCENT_COLOR_NAME = AccentColor;
				CODE_SIGN_STYLE = Automatic;
				CURRENT_PROJECT_VERSION = 1;
				DEVELOPMENT_TEAM = 3KGS48RFQ6;
				GENERATE_INFOPLIST_FILE = YES;
				INFOPLIST_FILE = SeekIt/Info.plist;
				INFOPLIST_KEY_UIApplicationSupportsIndirectInputEvents = YES;
				INFOPLIST_KEY_UILaunchStoryboardName = LaunchScreen;
				INFOPLIST_KEY_UIMainStoryboardFile = Main;
				INFOPLIST_KEY_UISupportedInterfaceOrientations_iPad = "UIInterfaceOrientationPortrait UIInterfaceOrientationPortraitUpsideDown UIInterfaceOrientationLandscapeLeft UIInterfaceOrientationLandscapeRight";
				INFOPLIST_KEY_UISupportedInterfaceOrientations_iPhone = "UIInterfaceOrientationPortrait UIInterfaceOrientationLandscapeLeft UIInterfaceOrientationLandscapeRight";
				LD_RUNPATH_SEARCH_PATHS = (
					"$(inherited)",
					"@executable_path/Frameworks",
				);
				MARKETING_VERSION = 1.0;
				PRODUCT_BUNDLE_IDENTIFIER = "com.rastogigaurav.seekit.release-local";
				PRODUCT_NAME = "$(TARGET_NAME)";
				SWIFT_EMIT_LOC_STRINGS = YES;
				SWIFT_VERSION = 5.0;
				TARGETED_DEVICE_FAMILY = "1,2";
			};
			name = "Release-Local";
		};
		8DAF734F2CA8852A00D4399E /* Release-Local */ = {
			isa = XCBuildConfiguration;
			buildSettings = {
				BUNDLE_LOADER = "$(TEST_HOST)";
				CODE_SIGN_STYLE = Automatic;
				CURRENT_PROJECT_VERSION = 1;
				GENERATE_INFOPLIST_FILE = YES;
				IPHONEOS_DEPLOYMENT_TARGET = 18.0;
				MARKETING_VERSION = 1.0;
				PRODUCT_BUNDLE_IDENTIFIER = com.rastogigaurav.SeekItTests;
				PRODUCT_NAME = "$(TARGET_NAME)";
				SWIFT_EMIT_LOC_STRINGS = NO;
				SWIFT_VERSION = 5.0;
				TARGETED_DEVICE_FAMILY = "1,2";
				TEST_HOST = "$(BUILT_PRODUCTS_DIR)/SeekIt.app/$(BUNDLE_EXECUTABLE_FOLDER_PATH)/SeekIt";
			};
			name = "Release-Local";
		};
		8DAF73502CA8852A00D4399E /* Release-Local */ = {
			isa = XCBuildConfiguration;
			buildSettings = {
				CODE_SIGN_STYLE = Automatic;
				CURRENT_PROJECT_VERSION = 1;
				GENERATE_INFOPLIST_FILE = YES;
				MARKETING_VERSION = 1.0;
				PRODUCT_BUNDLE_IDENTIFIER = com.rastogigaurav.SeekItUITests;
				PRODUCT_NAME = "$(TARGET_NAME)";
				SWIFT_EMIT_LOC_STRINGS = NO;
				SWIFT_VERSION = 5.0;
				TARGETED_DEVICE_FAMILY = "1,2";
				TEST_TARGET_NAME = SeekIt;
			};
			name = "Release-Local";
		};
		8DAF73512CA8854B00D4399E /* Debug-Prod */ = {
			isa = XCBuildConfiguration;
			baseConfigurationReferenceAnchor = 8DAF72382CA83E3900D4399E /* SeekIt */;
			baseConfigurationReferenceRelativePath = "Configurations/Debug-Prod.xcconfig";
			buildSettings = {
				ALWAYS_SEARCH_USER_PATHS = NO;
				ASSETCATALOG_COMPILER_GENERATE_SWIFT_ASSET_SYMBOL_EXTENSIONS = YES;
				CLANG_ANALYZER_NONNULL = YES;
				CLANG_ANALYZER_NUMBER_OBJECT_CONVERSION = YES_AGGRESSIVE;
				CLANG_CXX_LANGUAGE_STANDARD = "gnu++20";
				CLANG_ENABLE_MODULES = YES;
				CLANG_ENABLE_OBJC_ARC = YES;
				CLANG_ENABLE_OBJC_WEAK = YES;
				CLANG_WARN_BLOCK_CAPTURE_AUTORELEASING = YES;
				CLANG_WARN_BOOL_CONVERSION = YES;
				CLANG_WARN_COMMA = YES;
				CLANG_WARN_CONSTANT_CONVERSION = YES;
				CLANG_WARN_DEPRECATED_OBJC_IMPLEMENTATIONS = YES;
				CLANG_WARN_DIRECT_OBJC_ISA_USAGE = YES_ERROR;
				CLANG_WARN_DOCUMENTATION_COMMENTS = YES;
				CLANG_WARN_EMPTY_BODY = YES;
				CLANG_WARN_ENUM_CONVERSION = YES;
				CLANG_WARN_INFINITE_RECURSION = YES;
				CLANG_WARN_INT_CONVERSION = YES;
				CLANG_WARN_NON_LITERAL_NULL_CONVERSION = YES;
				CLANG_WARN_OBJC_IMPLICIT_RETAIN_SELF = YES;
				CLANG_WARN_OBJC_LITERAL_CONVERSION = YES;
				CLANG_WARN_OBJC_ROOT_CLASS = YES_ERROR;
				CLANG_WARN_QUOTED_INCLUDE_IN_FRAMEWORK_HEADER = YES;
				CLANG_WARN_RANGE_LOOP_ANALYSIS = YES;
				CLANG_WARN_STRICT_PROTOTYPES = YES;
				CLANG_WARN_SUSPICIOUS_MOVE = YES;
				CLANG_WARN_UNGUARDED_AVAILABILITY = YES_AGGRESSIVE;
				CLANG_WARN_UNREACHABLE_CODE = YES;
				CLANG_WARN__DUPLICATE_METHOD_MATCH = YES;
				COPY_PHASE_STRIP = NO;
				DEBUG_INFORMATION_FORMAT = dwarf;
				ENABLE_STRICT_OBJC_MSGSEND = YES;
				ENABLE_TESTABILITY = YES;
				ENABLE_USER_SCRIPT_SANDBOXING = YES;
				GCC_C_LANGUAGE_STANDARD = gnu17;
				GCC_DYNAMIC_NO_PIC = NO;
				GCC_NO_COMMON_BLOCKS = YES;
				GCC_OPTIMIZATION_LEVEL = 0;
				GCC_PREPROCESSOR_DEFINITIONS = (
					"DEBUG=1",
					"$(inherited)",
				);
				GCC_WARN_64_TO_32_BIT_CONVERSION = YES;
				GCC_WARN_ABOUT_RETURN_TYPE = YES_ERROR;
				GCC_WARN_UNDECLARED_SELECTOR = YES;
				GCC_WARN_UNINITIALIZED_AUTOS = YES_AGGRESSIVE;
				GCC_WARN_UNUSED_FUNCTION = YES;
				GCC_WARN_UNUSED_VARIABLE = YES;
				IPHONEOS_DEPLOYMENT_TARGET = 18.0;
				LOCALIZATION_PREFERS_STRING_CATALOGS = YES;
				MTL_ENABLE_DEBUG_INFO = INCLUDE_SOURCE;
				MTL_FAST_MATH = YES;
				ONLY_ACTIVE_ARCH = YES;
				SDKROOT = iphoneos;
				SWIFT_ACTIVE_COMPILATION_CONDITIONS = "DEBUG $(inherited)";
				SWIFT_EMIT_LOC_STRINGS = YES;
				SWIFT_OPTIMIZATION_LEVEL = "-Onone";
			};
			name = "Debug-Prod";
		};
		8DAF73522CA8854B00D4399E /* Debug-Prod */ = {
			isa = XCBuildConfiguration;
			baseConfigurationReferenceAnchor = 8DAF72382CA83E3900D4399E /* SeekIt */;
			baseConfigurationReferenceRelativePath = "Configurations/Debug-Prod.xcconfig";
			buildSettings = {
				ASSETCATALOG_COMPILER_APPICON_NAME = AppIcon;
				ASSETCATALOG_COMPILER_GLOBAL_ACCENT_COLOR_NAME = AccentColor;
				CODE_SIGN_STYLE = Automatic;
				CURRENT_PROJECT_VERSION = 1;
				DEVELOPMENT_TEAM = 3KGS48RFQ6;
				GENERATE_INFOPLIST_FILE = YES;
				INFOPLIST_FILE = SeekIt/Info.plist;
				INFOPLIST_KEY_UIApplicationSupportsIndirectInputEvents = YES;
				INFOPLIST_KEY_UILaunchStoryboardName = LaunchScreen;
				INFOPLIST_KEY_UIMainStoryboardFile = Main;
				INFOPLIST_KEY_UISupportedInterfaceOrientations_iPad = "UIInterfaceOrientationPortrait UIInterfaceOrientationPortraitUpsideDown UIInterfaceOrientationLandscapeLeft UIInterfaceOrientationLandscapeRight";
				INFOPLIST_KEY_UISupportedInterfaceOrientations_iPhone = "UIInterfaceOrientationPortrait UIInterfaceOrientationLandscapeLeft UIInterfaceOrientationLandscapeRight";
				LD_RUNPATH_SEARCH_PATHS = (
					"$(inherited)",
					"@executable_path/Frameworks",
				);
				MARKETING_VERSION = 1.0;
				PRODUCT_BUNDLE_IDENTIFIER = "com.rastogigaurav.seekit.debug-prod";
				PRODUCT_NAME = "$(TARGET_NAME)";
				SWIFT_EMIT_LOC_STRINGS = YES;
				SWIFT_VERSION = 5.0;
				TARGETED_DEVICE_FAMILY = "1,2";
			};
			name = "Debug-Prod";
		};
		8DAF73532CA8854B00D4399E /* Debug-Prod */ = {
			isa = XCBuildConfiguration;
			buildSettings = {
				BUNDLE_LOADER = "$(TEST_HOST)";
				CODE_SIGN_STYLE = Automatic;
				CURRENT_PROJECT_VERSION = 1;
				GENERATE_INFOPLIST_FILE = YES;
				IPHONEOS_DEPLOYMENT_TARGET = 18.0;
				MARKETING_VERSION = 1.0;
				PRODUCT_BUNDLE_IDENTIFIER = com.rastogigaurav.SeekItTests;
				PRODUCT_NAME = "$(TARGET_NAME)";
				SWIFT_EMIT_LOC_STRINGS = NO;
				SWIFT_VERSION = 5.0;
				TARGETED_DEVICE_FAMILY = "1,2";
				TEST_HOST = "$(BUILT_PRODUCTS_DIR)/SeekIt.app/$(BUNDLE_EXECUTABLE_FOLDER_PATH)/SeekIt";
			};
			name = "Debug-Prod";
		};
		8DAF73542CA8854B00D4399E /* Debug-Prod */ = {
			isa = XCBuildConfiguration;
			buildSettings = {
				CODE_SIGN_STYLE = Automatic;
				CURRENT_PROJECT_VERSION = 1;
				GENERATE_INFOPLIST_FILE = YES;
				MARKETING_VERSION = 1.0;
				PRODUCT_BUNDLE_IDENTIFIER = com.rastogigaurav.SeekItUITests;
				PRODUCT_NAME = "$(TARGET_NAME)";
				SWIFT_EMIT_LOC_STRINGS = NO;
				SWIFT_VERSION = 5.0;
				TARGETED_DEVICE_FAMILY = "1,2";
				TEST_TARGET_NAME = SeekIt;
			};
			name = "Debug-Prod";
		};
		8DAF73552CA8856200D4399E /* Release-Prod */ = {
			isa = XCBuildConfiguration;
			baseConfigurationReferenceAnchor = 8DAF72382CA83E3900D4399E /* SeekIt */;
			baseConfigurationReferenceRelativePath = "Configurations/Release-Prod.xcconfig";
			buildSettings = {
				ALWAYS_SEARCH_USER_PATHS = NO;
				ASSETCATALOG_COMPILER_GENERATE_SWIFT_ASSET_SYMBOL_EXTENSIONS = YES;
				CLANG_ANALYZER_NONNULL = YES;
				CLANG_ANALYZER_NUMBER_OBJECT_CONVERSION = YES_AGGRESSIVE;
				CLANG_CXX_LANGUAGE_STANDARD = "gnu++20";
				CLANG_ENABLE_MODULES = YES;
				CLANG_ENABLE_OBJC_ARC = YES;
				CLANG_ENABLE_OBJC_WEAK = YES;
				CLANG_WARN_BLOCK_CAPTURE_AUTORELEASING = YES;
				CLANG_WARN_BOOL_CONVERSION = YES;
				CLANG_WARN_COMMA = YES;
				CLANG_WARN_CONSTANT_CONVERSION = YES;
				CLANG_WARN_DEPRECATED_OBJC_IMPLEMENTATIONS = YES;
				CLANG_WARN_DIRECT_OBJC_ISA_USAGE = YES_ERROR;
				CLANG_WARN_DOCUMENTATION_COMMENTS = YES;
				CLANG_WARN_EMPTY_BODY = YES;
				CLANG_WARN_ENUM_CONVERSION = YES;
				CLANG_WARN_INFINITE_RECURSION = YES;
				CLANG_WARN_INT_CONVERSION = YES;
				CLANG_WARN_NON_LITERAL_NULL_CONVERSION = YES;
				CLANG_WARN_OBJC_IMPLICIT_RETAIN_SELF = YES;
				CLANG_WARN_OBJC_LITERAL_CONVERSION = YES;
				CLANG_WARN_OBJC_ROOT_CLASS = YES_ERROR;
				CLANG_WARN_QUOTED_INCLUDE_IN_FRAMEWORK_HEADER = YES;
				CLANG_WARN_RANGE_LOOP_ANALYSIS = YES;
				CLANG_WARN_STRICT_PROTOTYPES = YES;
				CLANG_WARN_SUSPICIOUS_MOVE = YES;
				CLANG_WARN_UNGUARDED_AVAILABILITY = YES_AGGRESSIVE;
				CLANG_WARN_UNREACHABLE_CODE = YES;
				CLANG_WARN__DUPLICATE_METHOD_MATCH = YES;
				COPY_PHASE_STRIP = NO;
				DEBUG_INFORMATION_FORMAT = dwarf;
				ENABLE_STRICT_OBJC_MSGSEND = YES;
				ENABLE_TESTABILITY = YES;
				ENABLE_USER_SCRIPT_SANDBOXING = YES;
				GCC_C_LANGUAGE_STANDARD = gnu17;
				GCC_DYNAMIC_NO_PIC = NO;
				GCC_NO_COMMON_BLOCKS = YES;
				GCC_OPTIMIZATION_LEVEL = 0;
				GCC_PREPROCESSOR_DEFINITIONS = (
					"DEBUG=1",
					"$(inherited)",
				);
				GCC_WARN_64_TO_32_BIT_CONVERSION = YES;
				GCC_WARN_ABOUT_RETURN_TYPE = YES_ERROR;
				GCC_WARN_UNDECLARED_SELECTOR = YES;
				GCC_WARN_UNINITIALIZED_AUTOS = YES_AGGRESSIVE;
				GCC_WARN_UNUSED_FUNCTION = YES;
				GCC_WARN_UNUSED_VARIABLE = YES;
				IPHONEOS_DEPLOYMENT_TARGET = 18.0;
				LOCALIZATION_PREFERS_STRING_CATALOGS = YES;
				MTL_ENABLE_DEBUG_INFO = INCLUDE_SOURCE;
				MTL_FAST_MATH = YES;
				ONLY_ACTIVE_ARCH = YES;
				SDKROOT = iphoneos;
				SWIFT_ACTIVE_COMPILATION_CONDITIONS = "DEBUG $(inherited)";
				SWIFT_EMIT_LOC_STRINGS = YES;
				SWIFT_OPTIMIZATION_LEVEL = "-Onone";
			};
			name = "Release-Prod";
		};
		8DAF73562CA8856200D4399E /* Release-Prod */ = {
			isa = XCBuildConfiguration;
			baseConfigurationReferenceAnchor = 8DAF72382CA83E3900D4399E /* SeekIt */;
			baseConfigurationReferenceRelativePath = "Configurations/Release-Prod.xcconfig";
			buildSettings = {
				ASSETCATALOG_COMPILER_APPICON_NAME = AppIcon;
				ASSETCATALOG_COMPILER_GLOBAL_ACCENT_COLOR_NAME = AccentColor;
				CODE_SIGN_STYLE = Automatic;
				CURRENT_PROJECT_VERSION = 1;
				DEVELOPMENT_TEAM = 3KGS48RFQ6;
				GENERATE_INFOPLIST_FILE = YES;
				INFOPLIST_FILE = SeekIt/Info.plist;
				INFOPLIST_KEY_UIApplicationSupportsIndirectInputEvents = YES;
				INFOPLIST_KEY_UILaunchStoryboardName = LaunchScreen;
				INFOPLIST_KEY_UIMainStoryboardFile = Main;
				INFOPLIST_KEY_UISupportedInterfaceOrientations_iPad = "UIInterfaceOrientationPortrait UIInterfaceOrientationPortraitUpsideDown UIInterfaceOrientationLandscapeLeft UIInterfaceOrientationLandscapeRight";
				INFOPLIST_KEY_UISupportedInterfaceOrientations_iPhone = "UIInterfaceOrientationPortrait UIInterfaceOrientationLandscapeLeft UIInterfaceOrientationLandscapeRight";
				LD_RUNPATH_SEARCH_PATHS = (
					"$(inherited)",
					"@executable_path/Frameworks",
				);
				MARKETING_VERSION = 1.0;
				PRODUCT_BUNDLE_IDENTIFIER = "com.rastogigaurav.seekit.release-prod";
				PRODUCT_NAME = "$(TARGET_NAME)";
				SWIFT_EMIT_LOC_STRINGS = YES;
				SWIFT_VERSION = 5.0;
				TARGETED_DEVICE_FAMILY = "1,2";
			};
			name = "Release-Prod";
		};
		8DAF73572CA8856200D4399E /* Release-Prod */ = {
			isa = XCBuildConfiguration;
			buildSettings = {
				BUNDLE_LOADER = "$(TEST_HOST)";
				CODE_SIGN_STYLE = Automatic;
				CURRENT_PROJECT_VERSION = 1;
				GENERATE_INFOPLIST_FILE = YES;
				IPHONEOS_DEPLOYMENT_TARGET = 18.0;
				MARKETING_VERSION = 1.0;
				PRODUCT_BUNDLE_IDENTIFIER = com.rastogigaurav.SeekItTests;
				PRODUCT_NAME = "$(TARGET_NAME)";
				SWIFT_EMIT_LOC_STRINGS = NO;
				SWIFT_VERSION = 5.0;
				TARGETED_DEVICE_FAMILY = "1,2";
				TEST_HOST = "$(BUILT_PRODUCTS_DIR)/SeekIt.app/$(BUNDLE_EXECUTABLE_FOLDER_PATH)/SeekIt";
			};
			name = "Release-Prod";
		};
		8DAF73582CA8856200D4399E /* Release-Prod */ = {
			isa = XCBuildConfiguration;
			buildSettings = {
				CODE_SIGN_STYLE = Automatic;
				CURRENT_PROJECT_VERSION = 1;
				GENERATE_INFOPLIST_FILE = YES;
				MARKETING_VERSION = 1.0;
				PRODUCT_BUNDLE_IDENTIFIER = com.rastogigaurav.SeekItUITests;
				PRODUCT_NAME = "$(TARGET_NAME)";
				SWIFT_EMIT_LOC_STRINGS = NO;
				SWIFT_VERSION = 5.0;
				TARGETED_DEVICE_FAMILY = "1,2";
				TEST_TARGET_NAME = SeekIt;
			};
			name = "Release-Prod";
		};
/* End XCBuildConfiguration section */

/* Begin XCConfigurationList section */
		8DAF72312CA83E3900D4399E /* Build configuration list for PBXProject "SeekIt" */ = {
			isa = XCConfigurationList;
			buildConfigurations = (
				8DAF73472CA884C200D4399E /* Debug-Local */,
				8DAF73512CA8854B00D4399E /* Debug-Prod */,
				8DAF734D2CA8852A00D4399E /* Release-Local */,
				8DAF73552CA8856200D4399E /* Release-Prod */,
			);
			defaultConfigurationIsVisible = 0;
			defaultConfigurationName = "Debug-Local";
		};
		8DAF725F2CA83E3E00D4399E /* Build configuration list for PBXNativeTarget "SeekIt" */ = {
			isa = XCConfigurationList;
			buildConfigurations = (
				8DAF73482CA884C200D4399E /* Debug-Local */,
				8DAF73522CA8854B00D4399E /* Debug-Prod */,
				8DAF734E2CA8852A00D4399E /* Release-Local */,
				8DAF73562CA8856200D4399E /* Release-Prod */,
			);
			defaultConfigurationIsVisible = 0;
			defaultConfigurationName = "Debug-Local";
		};
		8DAF72642CA83E3E00D4399E /* Build configuration list for PBXNativeTarget "SeekItTests" */ = {
			isa = XCConfigurationList;
			buildConfigurations = (
				8DAF73492CA884C200D4399E /* Debug-Local */,
				8DAF73532CA8854B00D4399E /* Debug-Prod */,
				8DAF734F2CA8852A00D4399E /* Release-Local */,
				8DAF73572CA8856200D4399E /* Release-Prod */,
			);
			defaultConfigurationIsVisible = 0;
			defaultConfigurationName = "Debug-Local";
		};
		8DAF72672CA83E3E00D4399E /* Build configuration list for PBXNativeTarget "SeekItUITests" */ = {
			isa = XCConfigurationList;
			buildConfigurations = (
				8DAF734A2CA884C200D4399E /* Debug-Local */,
				8DAF73542CA8854B00D4399E /* Debug-Prod */,
				8DAF73502CA8852A00D4399E /* Release-Local */,
				8DAF73582CA8856200D4399E /* Release-Prod */,
			);
			defaultConfigurationIsVisible = 0;
			defaultConfigurationName = "Debug-Local";
		};
/* End XCConfigurationList section */

/* Begin XCRemoteSwiftPackageReference section */
		8D64DA5B2CA9B604005760D7 /* XCRemoteSwiftPackageReference "IQKeyboardManager" */ = {
			isa = XCRemoteSwiftPackageReference;
			repositoryURL = "https://github.com/hackiftekhar/IQKeyboardManager.git";
			requirement = {
				kind = upToNextMajorVersion;
				minimumVersion = 7.1.1;
			};
		};
		8D64DA5E2CA9C2D8005760D7 /* XCRemoteSwiftPackageReference "ProgressHUD" */ = {
			isa = XCRemoteSwiftPackageReference;
			repositoryURL = "https://github.com/relatedcode/ProgressHUD.git";
			requirement = {
				kind = upToNextMajorVersion;
				minimumVersion = 14.1.3;
			};
		};
		8DAF732D2CA87BEA00D4399E /* XCRemoteSwiftPackageReference "Moya" */ = {
			isa = XCRemoteSwiftPackageReference;
			repositoryURL = "https://github.com/Moya/Moya";
			requirement = {
				kind = upToNextMajorVersion;
				minimumVersion = 15.0.3;
			};
		};
/* End XCRemoteSwiftPackageReference section */

/* Begin XCSwiftPackageProductDependency section */
		8D64DA5C2CA9B604005760D7 /* IQKeyboardManagerSwift */ = {
			isa = XCSwiftPackageProductDependency;
			package = 8D64DA5B2CA9B604005760D7 /* XCRemoteSwiftPackageReference "IQKeyboardManager" */;
			productName = IQKeyboardManagerSwift;
		};
		8D64DA5F2CA9C2D8005760D7 /* ProgressHUD */ = {
			isa = XCSwiftPackageProductDependency;
			package = 8D64DA5E2CA9C2D8005760D7 /* XCRemoteSwiftPackageReference "ProgressHUD" */;
			productName = ProgressHUD;
		};
		8DAF732E2CA87BEA00D4399E /* Moya */ = {
			isa = XCSwiftPackageProductDependency;
			package = 8DAF732D2CA87BEA00D4399E /* XCRemoteSwiftPackageReference "Moya" */;
			productName = Moya;
		};
		8DAF73382CA87F4400D4399E /* CombineMoya */ = {
			isa = XCSwiftPackageProductDependency;
			package = 8DAF732D2CA87BEA00D4399E /* XCRemoteSwiftPackageReference "Moya" */;
			productName = CombineMoya;
		};
		8DAF733A2CA87F4400D4399E /* ReactiveMoya */ = {
			isa = XCSwiftPackageProductDependency;
			package = 8DAF732D2CA87BEA00D4399E /* XCRemoteSwiftPackageReference "Moya" */;
			productName = ReactiveMoya;
		};
		8DAF733C2CA87F4400D4399E /* RxMoya */ = {
			isa = XCSwiftPackageProductDependency;
			package = 8DAF732D2CA87BEA00D4399E /* XCRemoteSwiftPackageReference "Moya" */;
			productName = RxMoya;
		};
/* End XCSwiftPackageProductDependency section */
	};
	rootObject = 8DAF722E2CA83E3900D4399E /* Project object */;
}
